
Microsoft Visual Studio Solution File, Format Version 12.00
# Visual Studio Version 17
VisualStudioVersion = 17.14.37314.3 d17.14
MinimumVisualStudioVersion = 10.0.40219.1
Project("{FAE04EC0-301F-11D3-BF4B-00C04F79EFBC}") = "CareBridgeAnalytics", "CareBridgeAnalytics\CareBridgeAnalytics.csproj", "{F4C5E078-D8A5-456A-8FA0-636BF6FFBDE0}"
EndProject
Global
	GlobalSection(SolutionConfigurationPlatforms) = preSolution
		Debug|Any CPU = Debug|Any CPU
		Release|Any CPU = Release|Any CPU
	EndGlobalSection
	GlobalSection(ProjectConfigurationPlatforms) = postSolution
		{F4C5E078-D8A5-456A-8FA0-636BF6FFBDE0}.Debug|Any CPU.ActiveCfg = Debug|Any CPU
		{F4C5E078-D8A5-456A-8FA0-636BF6FFBDE0}.Debug|Any CPU.Build.0 = Debug|Any CPU
		{F4C5E078-D8A5-456A-8FA0-636BF6FFBDE0}.Release|Any CPU.ActiveCfg = Release|Any CPU
		{F4C5E078-D8A5-456A-8FA0-636BF6FFBDE0}.Release|Any CPU.Build.0 = Release|Any CPU
	EndGlobalSection
	GlobalSection(SolutionProperties) = preSolution
		HideSolutionNode = FALSE
	EndGlobalSection
	GlobalSection(ExtensibilityGlobals) = postSolution
		SolutionGuid = {9E97C472-30FA-4DCA-8F23-E20EFD370707}
	EndGlobalSection
EndGlobal
