
Microsoft Visual Studio Solution File, Format Version 12.00
# Visual Studio Version 17
VisualStudioVersion = 17.14.37314.3 d17.14
MinimumVisualStudioVersion = 10.0.40219.1
Project("{FAE04EC0-301F-11D3-BF4B-00C04F79EFBC}") = "EHRMvcDemo", "EHRMvcDemo\EHRMvcDemo.csproj", "{E5CDC605-BA39-45FE-8C5D-F2623B8298CC}"
EndProject
Global
	GlobalSection(SolutionConfigurationPlatforms) = preSolution
		Debug|Any CPU = Debug|Any CPU
		Release|Any CPU = Release|Any CPU
	EndGlobalSection
	GlobalSection(ProjectConfigurationPlatforms) = postSolution
		{E5CDC605-BA39-45FE-8C5D-F2623B8298CC}.Debug|Any CPU.ActiveCfg = Debug|Any CPU
		{E5CDC605-BA39-45FE-8C5D-F2623B8298CC}.Debug|Any CPU.Build.0 = Debug|Any CPU
		{E5CDC605-BA39-45FE-8C5D-F2623B8298CC}.Release|Any CPU.ActiveCfg = Release|Any CPU
		{E5CDC605-BA39-45FE-8C5D-F2623B8298CC}.Release|Any CPU.Build.0 = Release|Any CPU
	EndGlobalSection
	GlobalSection(SolutionProperties) = preSolution
		HideSolutionNode = FALSE
	EndGlobalSection
	GlobalSection(ExtensibilityGlobals) = postSolution
		SolutionGuid = {464D4B36-357B-444C-A0DC-20899AE3E7B1}
	EndGlobalSection
EndGlobal
