
Microsoft Visual Studio Solution File, Format Version 12.00
# Visual Studio Version 17
VisualStudioVersion = 17.14.37314.3 d17.14
MinimumVisualStudioVersion = 10.0.40219.1
Project("{FAE04EC0-301F-11D3-BF4B-00C04F79EFBC}") = "ListDemo", "ListDemo\ListDemo.csproj", "{1356570E-19E2-4907-B642-B77260BE13F2}"
EndProject
Global
	GlobalSection(SolutionConfigurationPlatforms) = preSolution
		Debug|Any CPU = Debug|Any CPU
		Release|Any CPU = Release|Any CPU
	EndGlobalSection
	GlobalSection(ProjectConfigurationPlatforms) = postSolution
		{1356570E-19E2-4907-B642-B77260BE13F2}.Debug|Any CPU.ActiveCfg = Debug|Any CPU
		{1356570E-19E2-4907-B642-B77260BE13F2}.Debug|Any CPU.Build.0 = Debug|Any CPU
		{1356570E-19E2-4907-B642-B77260BE13F2}.Release|Any CPU.ActiveCfg = Release|Any CPU
		{1356570E-19E2-4907-B642-B77260BE13F2}.Release|Any CPU.Build.0 = Release|Any CPU
	EndGlobalSection
	GlobalSection(SolutionProperties) = preSolution
		HideSolutionNode = FALSE
	EndGlobalSection
	GlobalSection(ExtensibilityGlobals) = postSolution
		SolutionGuid = {FFC926BE-52ED-442C-80DC-F5496E502D86}
	EndGlobalSection
EndGlobal
